{
  "requires": true,
  "lockfileVersion": 1,
  "dependencies": {
    "bootstrap-v4-rtl": {
      "version": "4.4.1-2",
      "resolved": "https://registry.npmjs.org/bootstrap-v4-rtl/-/bootstrap-v4-rtl-4.4.1-2.tgz",
      "integrity": "sha512-x9jZLEQzeOlkfxnR73aE/LjTD6hlqU6BbKVKdGasDByEP7dHBaxYaDGX54pfpHTom2QFqQ3t6y0WkDZW6DrQhw=="
    }
  }
}
